
Microsoft Visual Studio Solution File, Format Version 12.00
# Visual Studio Version 16
VisualStudioVersion = 25.0.1706.7
MinimumVisualStudioVersion = 10.0.40219.1
Project("{FAE04EC0-301F-11D3-BF4B-00C04F79EFBC}") = "AdventOfCode", "AdventOfCode\AdventOfCode.csproj", "{98619EA3-C620-4E74-B2EA-EA54F82A9930}"
EndProject
Global
	GlobalSection(SolutionConfigurationPlatforms) = preSolution
		Debug|Any CPU = Debug|Any CPU
		Release|Any CPU = Release|Any CPU
	EndGlobalSection
	GlobalSection(ProjectConfigurationPlatforms) = postSolution
		{98619EA3-C620-4E74-B2EA-EA54F82A9930}.Debug|Any CPU.ActiveCfg = Debug|Any CPU
		{98619EA3-C620-4E74-B2EA-EA54F82A9930}.Debug|Any CPU.Build.0 = Debug|Any CPU
		{98619EA3-C620-4E74-B2EA-EA54F82A9930}.Release|Any CPU.ActiveCfg = Release|Any CPU
		{98619EA3-C620-4E74-B2EA-EA54F82A9930}.Release|Any CPU.Build.0 = Release|Any CPU
	EndGlobalSection
	GlobalSection(SolutionProperties) = preSolution
		HideSolutionNode = FALSE
	EndGlobalSection
	GlobalSection(ExtensibilityGlobals) = postSolution
		SolutionGuid = {76956FC8-44D2-4D50-8C4E-83D2C04DEF5E}
	EndGlobalSection
EndGlobal
